// !$*UTF8*$!
{
	archiveVersion = 1;
	classes = {
	};
	objectVersion = 46;
	objects = {

/* Begin PBXBuildFile section */
		4F3F8B371B15274000E82580 /* TODO in Resources */ = {isa = PBXBuildFile; fileRef = 4F3F8B361B15274000E82580 /* TODO */; };
		4F3F8B3D1B1688AF00E82580 /* ASModel.m in Sources */ = {isa = PBXBuildFile; fileRef = 4F3F8B3C1B1688AF00E82580 /* ASModel.m */; };
		4F3F8B421B169E7300E82580 /* ASArticle.m in Sources */ = {isa = PBXBuildFile; fileRef = 4F3F8B411B169E7300E82580 /* ASArticle.m */; };
		4F6B85E11B17CE7500F3E96B /* ASMainContainerViewController.m in Sources */ = {isa = PBXBuildFile; fileRef = 4F6B85E01B17CE7500F3E96B /* ASMainContainerViewController.m */; };
		4F6B85E51B19317200F3E96B /* ASArticlesTableViewCell.m in Sources */ = {isa = PBXBuildFile; fileRef = 4F6B85E41B19317200F3E96B /* ASArticlesTableViewCell.m */; };
		4F6B85E81B19524400F3E96B /* ASColorTheme.m in Sources */ = {isa = PBXBuildFile; fileRef = 4F6B85E71B19524400F3E96B /* ASColorTheme.m */; };
		4F6B85ED1B195A5A00F3E96B /* UIColor+HexColors.m in Sources */ = {isa = PBXBuildFile; fileRef = 4F6B85EC1B195A5A00F3E96B /* UIColor+HexColors.m */; };
		4F89B3A51B13CEEF002E0840 /* ASAdBannerViewController.m in Sources */ = {isa = PBXBuildFile; fileRef = 4F89B3A41B13CEEF002E0840 /* ASAdBannerViewController.m */; };
		4F89B3A81B13D047002E0840 /* ASThemeManager.m in Sources */ = {isa = PBXBuildFile; fileRef = 4F89B3A71B13D047002E0840 /* ASThemeManager.m */; };
		4F89B3AA1B13EE97002E0840 /* HTML in Resources */ = {isa = PBXBuildFile; fileRef = 4F89B3A91B13EE97002E0840 /* HTML */; };
		4F89B3AD1B13EF14002E0840 /* ASWebviewViewController.m in Sources */ = {isa = PBXBuildFile; fileRef = 4F89B3AC1B13EF14002E0840 /* ASWebviewViewController.m */; };
		4F89B3B01B14FF1F002E0840 /* ASArticlesTableViewController.m in Sources */ = {isa = PBXBuildFile; fileRef = 4F89B3AF1B14FF1F002E0840 /* ASArticlesTableViewController.m */; };
		4FEEE5151B12BD2A007D42C1 /* main.m in Sources */ = {isa = PBXBuildFile; fileRef = 4FEEE5141B12BD2A007D42C1 /* main.m */; };
		4FEEE5181B12BD2A007D42C1 /* AppDelegate.m in Sources */ = {isa = PBXBuildFile; fileRef = 4FEEE5171B12BD2A007D42C1 /* AppDelegate.m */; };
		4FEEE51E1B12BD2B007D42C1 /* Main.storyboard in Resources */ = {isa = PBXBuildFile; fileRef = 4FEEE51C1B12BD2B007D42C1 /* Main.storyboard */; };
		4FEEE5201B12BD2B007D42C1 /* Images.xcassets in Resources */ = {isa = PBXBuildFile; fileRef = 4FEEE51F1B12BD2B007D42C1 /* Images.xcassets */; };
		4FEEE5231B12BD2B007D42C1 /* LaunchScreen.xib in Resources */ = {isa = PBXBuildFile; fileRef = 4FEEE5211B12BD2B007D42C1 /* LaunchScreen.xib */; };
		4FEEE5391B12C0A4007D42C1 /* StoreKit.framework in Frameworks */ = {isa = PBXBuildFile; fileRef = 4FEEE5381B12C0A4007D42C1 /* StoreKit.framework */; };
/* End PBXBuildFile section */

/* Begin PBXFileReference section */
		4F3F8B361B15274000E82580 /* TODO */ = {isa = PBXFileReference; fileEncoding = 4; lastKnownFileType = text; name = TODO; path = AdyashantiWritings/TODO; sourceTree = "<group>"; };
		4F3F8B3B1B1688AF00E82580 /* ASModel.h */ = {isa = PBXFileReference; fileEncoding = 4; lastKnownFileType = sourcecode.c.h; path = ASModel.h; sourceTree = "<group>"; };
		4F3F8B3C1B1688AF00E82580 /* ASModel.m */ = {isa = PBXFileReference; fileEncoding = 4; lastKnownFileType = sourcecode.c.objc; path = ASModel.m; sourceTree = "<group>"; };
		4F3F8B401B169E7300E82580 /* ASArticle.h */ = {isa = PBXFileReference; fileEncoding = 4; lastKnownFileType = sourcecode.c.h; path = ASArticle.h; sourceTree = "<group>"; };
		4F3F8B411B169E7300E82580 /* ASArticle.m */ = {isa = PBXFileReference; fileEncoding = 4; lastKnownFileType = sourcecode.c.objc; path = ASArticle.m; sourceTree = "<group>"; };
		4F6B85DF1B17CE7500F3E96B /* ASMainContainerViewController.h */ = {isa = PBXFileReference; fileEncoding = 4; lastKnownFileType = sourcecode.c.h; path = ASMainContainerViewController.h; sourceTree = "<group>"; };
		4F6B85E01B17CE7500F3E96B /* ASMainContainerViewController.m */ = {isa = PBXFileReference; fileEncoding = 4; lastKnownFileType = sourcecode.c.objc; path = ASMainContainerViewController.m; sourceTree = "<group>"; };
		4F6B85E31B19317200F3E96B /* ASArticlesTableViewCell.h */ = {isa = PBXFileReference; fileEncoding = 4; lastKnownFileType = sourcecode.c.h; path = ASArticlesTableViewCell.h; sourceTree = "<group>"; };
		4F6B85E41B19317200F3E96B /* ASArticlesTableViewCell.m */ = {isa = PBXFileReference; fileEncoding = 4; lastKnownFileType = sourcecode.c.objc; path = ASArticlesTableViewCell.m; sourceTree = "<group>"; };
		4F6B85E61B19524400F3E96B /* ASColorTheme.h */ = {isa = PBXFileReference; fileEncoding = 4; lastKnownFileType = sourcecode.c.h; path = ASColorTheme.h; sourceTree = "<group>"; };
		4F6B85E71B19524400F3E96B /* ASColorTheme.m */ = {isa = PBXFileReference; fileEncoding = 4; lastKnownFileType = sourcecode.c.objc; path = ASColorTheme.m; sourceTree = "<group>"; };
		4F6B85EB1B195A5A00F3E96B /* UIColor+HexColors.h */ = {isa = PBXFileReference; fileEncoding = 4; lastKnownFileType = sourcecode.c.h; path = "UIColor+HexColors.h"; sourceTree = "<group>"; };
		4F6B85EC1B195A5A00F3E96B /* UIColor+HexColors.m */ = {isa = PBXFileReference; fileEncoding = 4; lastKnownFileType = sourcecode.c.objc; path = "UIColor+HexColors.m"; sourceTree = "<group>"; };
		4F89B3A31B13CEEF002E0840 /* ASAdBannerViewController.h */ = {isa = PBXFileReference; fileEncoding = 4; lastKnownFileType = sourcecode.c.h; path = ASAdBannerViewController.h; sourceTree = "<group>"; };
		4F89B3A41B13CEEF002E0840 /* ASAdBannerViewController.m */ = {isa = PBXFileReference; fileEncoding = 4; lastKnownFileType = sourcecode.c.objc; path = ASAdBannerViewController.m; sourceTree = "<group>"; };
		4F89B3A61B13D047002E0840 /* ASThemeManager.h */ = {isa = PBXFileReference; fileEncoding = 4; lastKnownFileType = sourcecode.c.h; path = ASThemeManager.h; sourceTree = "<group>"; };
		4F89B3A71B13D047002E0840 /* ASThemeManager.m */ = {isa = PBXFileReference; fileEncoding = 4; lastKnownFileType = sourcecode.c.objc; path = ASThemeManager.m; sourceTree = "<group>"; };
		4F89B3A91B13EE97002E0840 /* HTML */ = {isa = PBXFileReference; lastKnownFileType = folder; path = HTML; sourceTree = "<group>"; };
		4F89B3AB1B13EF14002E0840 /* ASWebviewViewController.h */ = {isa = PBXFileReference; fileEncoding = 4; lastKnownFileType = sourcecode.c.h; path = ASWebviewViewController.h; sourceTree = "<group>"; };
		4F89B3AC1B13EF14002E0840 /* ASWebviewViewController.m */ = {isa = PBXFileReference; fileEncoding = 4; lastKnownFileType = sourcecode.c.objc; path = ASWebviewViewController.m; sourceTree = "<group>"; };
		4F89B3AE1B14FF1F002E0840 /* ASArticlesTableViewController.h */ = {isa = PBXFileReference; fileEncoding = 4; lastKnownFileType = sourcecode.c.h; path = ASArticlesTableViewController.h; sourceTree = "<group>"; };
		4F89B3AF1B14FF1F002E0840 /* ASArticlesTableViewController.m */ = {isa = PBXFileReference; fileEncoding = 4; lastKnownFileType = sourcecode.c.objc; path = ASArticlesTableViewController.m; sourceTree = "<group>"; };
		4FEEE50F1B12BD2A007D42C1 /* AdyashantiWritings.app */ = {isa = PBXFileReference; explicitFileType = wrapper.application; includeInIndex = 0; path = AdyashantiWritings.app; sourceTree = BUILT_PRODUCTS_DIR; };
		4FEEE5131B12BD2A007D42C1 /* Info.plist */ = {isa = PBXFileReference; lastKnownFileType = text.plist.xml; path = Info.plist; sourceTree = "<group>"; };
		4FEEE5141B12BD2A007D42C1 /* main.m */ = {isa = PBXFileReference; lastKnownFileType = sourcecode.c.objc; path = main.m; sourceTree = "<group>"; };
		4FEEE5161B12BD2A007D42C1 /* AppDelegate.h */ = {isa = PBXFileReference; lastKnownFileType = sourcecode.c.h; path = AppDelegate.h; sourceTree = "<group>"; };
		4FEEE5171B12BD2A007D42C1 /* AppDelegate.m */ = {isa = PBXFileReference; lastKnownFileType = sourcecode.c.objc; path = AppDelegate.m; sourceTree = "<group>"; };
		4FEEE51D1B12BD2B007D42C1 /* Base */ = {isa = PBXFileReference; lastKnownFileType = file.storyboard; name = Base; path = Base.lproj/Main.storyboard; sourceTree = "<group>"; };
		4FEEE51F1B12BD2B007D42C1 /* Images.xcassets */ = {isa = PBXFileReference; lastKnownFileType = folder.assetcatalog; path = Images.xcassets; sourceTree = "<group>"; };
		4FEEE5221B12BD2B007D42C1 /* Base */ = {isa = PBXFileReference; lastKnownFileType = file.xib; name = Base; path = Base.lproj/LaunchScreen.xib; sourceTree = "<group>"; };
		4FEEE5381B12C0A4007D42C1 /* StoreKit.framework */ = {isa = PBXFileReference; lastKnownFileType = wrapper.framework; name = StoreKit.framework; path = System/Library/Frameworks/StoreKit.framework; sourceTree = SDKROOT; };
/* End PBXFileReference section */

/* Begin PBXFrameworksBuildPhase section */
		4FEEE50C1B12BD2A007D42C1 /* Frameworks */ = {
			isa = PBXFrameworksBuildPhase;
			buildActionMask = 2147483647;
			files = (
				4FEEE5391B12C0A4007D42C1 /* StoreKit.framework in Frameworks */,
			);
			runOnlyForDeploymentPostprocessing = 0;
		};
/* End PBXFrameworksBuildPhase section */

/* Begin PBXGroup section */
		4F3F8B3E1B1688B200E82580 /* Model */ = {
			isa = PBXGroup;
			children = (
				4F6B85E91B19526700F3E96B /* Data */,
				4F6B85EA1B19526B00F3E96B /* Theme */,
			);
			name = Model;
			sourceTree = "<group>";
		};
		4F3F8B3F1B1688BA00E82580 /* View */ = {
			isa = PBXGroup;
			children = (
				4F6B85DF1B17CE7500F3E96B /* ASMainContainerViewController.h */,
				4F6B85E01B17CE7500F3E96B /* ASMainContainerViewController.m */,
				4F89B3B11B14FF26002E0840 /* TableView */,
				4F89B3B21B14FF32002E0840 /* Webview */,
				4F89B3B51B14FF77002E0840 /* AdBanner */,
			);
			name = View;
			sourceTree = "<group>";
		};
		4F6B85E21B19315A00F3E96B /* Cell */ = {
			isa = PBXGroup;
			children = (
				4F6B85E31B19317200F3E96B /* ASArticlesTableViewCell.h */,
				4F6B85E41B19317200F3E96B /* ASArticlesTableViewCell.m */,
			);
			name = Cell;
			sourceTree = "<group>";
		};
		4F6B85E91B19526700F3E96B /* Data */ = {
			isa = PBXGroup;
			children = (
				4F3F8B3B1B1688AF00E82580 /* ASModel.h */,
				4F3F8B3C1B1688AF00E82580 /* ASModel.m */,
				4F3F8B401B169E7300E82580 /* ASArticle.h */,
				4F3F8B411B169E7300E82580 /* ASArticle.m */,
			);
			name = Data;
			sourceTree = "<group>";
		};
		4F6B85EA1B19526B00F3E96B /* Theme */ = {
			isa = PBXGroup;
			children = (
				4F89B3A61B13D047002E0840 /* ASThemeManager.h */,
				4F89B3A71B13D047002E0840 /* ASThemeManager.m */,
				4F6B85E61B19524400F3E96B /* ASColorTheme.h */,
				4F6B85E71B19524400F3E96B /* ASColorTheme.m */,
			);
			name = Theme;
			sourceTree = "<group>";
		};
		4F89B3B11B14FF26002E0840 /* TableView */ = {
			isa = PBXGroup;
			children = (
				4F89B3AE1B14FF1F002E0840 /* ASArticlesTableViewController.h */,
				4F89B3AF1B14FF1F002E0840 /* ASArticlesTableViewController.m */,
				4F6B85E21B19315A00F3E96B /* Cell */,
			);
			name = TableView;
			sourceTree = "<group>";
		};
		4F89B3B21B14FF32002E0840 /* Webview */ = {
			isa = PBXGroup;
			children = (
				4F89B3AB1B13EF14002E0840 /* ASWebviewViewController.h */,
				4F89B3AC1B13EF14002E0840 /* ASWebviewViewController.m */,
			);
			name = Webview;
			sourceTree = "<group>";
		};
		4F89B3B31B14FF51002E0840 /* Helpers */ = {
			isa = PBXGroup;
			children = (
				4F6B85EB1B195A5A00F3E96B /* UIColor+HexColors.h */,
				4F6B85EC1B195A5A00F3E96B /* UIColor+HexColors.m */,
			);
			name = Helpers;
			sourceTree = "<group>";
		};
		4F89B3B51B14FF77002E0840 /* AdBanner */ = {
			isa = PBXGroup;
			children = (
				4F89B3A31B13CEEF002E0840 /* ASAdBannerViewController.h */,
				4F89B3A41B13CEEF002E0840 /* ASAdBannerViewController.m */,
			);
			name = AdBanner;
			sourceTree = "<group>";
		};
		4FEEE5061B12BD2A007D42C1 = {
			isa = PBXGroup;
			children = (
				4F3F8B361B15274000E82580 /* TODO */,
				4FEEE5111B12BD2A007D42C1 /* AdyashantiWritings */,
				4F89B3A91B13EE97002E0840 /* HTML */,
				4FEEE5101B12BD2A007D42C1 /* Products */,
			);
			sourceTree = "<group>";
		};
		4FEEE5101B12BD2A007D42C1 /* Products */ = {
			isa = PBXGroup;
			children = (
				4FEEE50F1B12BD2A007D42C1 /* AdyashantiWritings.app */,
			);
			name = Products;
			sourceTree = "<group>";
		};
		4FEEE5111B12BD2A007D42C1 /* AdyashantiWritings */ = {
			isa = PBXGroup;
			children = (
				4F3F8B3E1B1688B200E82580 /* Model */,
				4F3F8B3F1B1688BA00E82580 /* View */,
				4F89B3B31B14FF51002E0840 /* Helpers */,
				4FEEE5121B12BD2A007D42C1 /* Supporting Files */,
			);
			path = AdyashantiWritings;
			sourceTree = "<group>";
		};
		4FEEE5121B12BD2A007D42C1 /* Supporting Files */ = {
			isa = PBXGroup;
			children = (
				4FEEE51C1B12BD2B007D42C1 /* Main.storyboard */,
				4FEEE5161B12BD2A007D42C1 /* AppDelegate.h */,
				4FEEE5171B12BD2A007D42C1 /* AppDelegate.m */,
				4FEEE5131B12BD2A007D42C1 /* Info.plist */,
				4FEEE5141B12BD2A007D42C1 /* main.m */,
				4FEEE51F1B12BD2B007D42C1 /* Images.xcassets */,
				4FEEE5211B12BD2B007D42C1 /* LaunchScreen.xib */,
				4FEEE5381B12C0A4007D42C1 /* StoreKit.framework */,
			);
			name = "Supporting Files";
			sourceTree = "<group>";
		};
/* End PBXGroup section */

/* Begin PBXNativeTarget section */
		4FEEE50E1B12BD2A007D42C1 /* AdyashantiWritings */ = {
			isa = PBXNativeTarget;
			buildConfigurationList = 4FEEE5321B12BD2B007D42C1 /* Build configuration list for PBXNativeTarget "AdyashantiWritings" */;
			buildPhases = (
				4FEEE50B1B12BD2A007D42C1 /* Sources */,
				4FEEE50C1B12BD2A007D42C1 /* Frameworks */,
				4FEEE50D1B12BD2A007D42C1 /* Resources */,
			);
			buildRules = (
			);
			dependencies = (
			);
			name = AdyashantiWritings;
			productName = AdyashantiWritings;
			productReference = 4FEEE50F1B12BD2A007D42C1 /* AdyashantiWritings.app */;
			productType = "com.apple.product-type.application";
		};
/* End PBXNativeTarget section */

/* Begin PBXProject section */
		4FEEE5071B12BD2A007D42C1 /* Project object */ = {
			isa = PBXProject;
			attributes = {
				LastUpgradeCheck = 0630;
				ORGANIZATIONNAME = "Alex Semenikhine";
				TargetAttributes = {
					4FEEE50E1B12BD2A007D42C1 = {
						CreatedOnToolsVersion = 6.3.2;
						DevelopmentTeam = Z7TKNK6E42;
						SystemCapabilities = {
							com.apple.BackgroundModes = {
								enabled = 0;
							};
							com.apple.InAppPurchase = {
								enabled = 1;
							};
						};
					};
				};
			};
			buildConfigurationList = 4FEEE50A1B12BD2A007D42C1 /* Build configuration list for PBXProject "AdyashantiWritings" */;
			compatibilityVersion = "Xcode 3.2";
			developmentRegion = English;
			hasScannedForEncodings = 0;
			knownRegions = (
				en,
				Base,
			);
			mainGroup = 4FEEE5061B12BD2A007D42C1;
			productRefGroup = 4FEEE5101B12BD2A007D42C1 /* Products */;
			projectDirPath = "";
			projectRoot = "";
			targets = (
				4FEEE50E1B12BD2A007D42C1 /* AdyashantiWritings */,
			);
		};
/* End PBXProject section */

/* Begin PBXResourcesBuildPhase section */
		4FEEE50D1B12BD2A007D42C1 /* Resources */ = {
			isa = PBXResourcesBuildPhase;
			buildActionMask = 2147483647;
			files = (
				4FEEE51E1B12BD2B007D42C1 /* Main.storyboard in Resources */,
				4F3F8B371B15274000E82580 /* TODO in Resources */,
				4F89B3AA1B13EE97002E0840 /* HTML in Resources */,
				4FEEE5231B12BD2B007D42C1 /* LaunchScreen.xib in Resources */,
				4FEEE5201B12BD2B007D42C1 /* Images.xcassets in Resources */,
			);
			runOnlyForDeploymentPostprocessing = 0;
		};
/* End PBXResourcesBuildPhase section */

/* Begin PBXSourcesBuildPhase section */
		4FEEE50B1B12BD2A007D42C1 /* Sources */ = {
			isa = PBXSourcesBuildPhase;
			buildActionMask = 2147483647;
			files = (
				4F3F8B421B169E7300E82580 /* ASArticle.m in Sources */,
				4F89B3A81B13D047002E0840 /* ASThemeManager.m in Sources */,
				4F89B3A51B13CEEF002E0840 /* ASAdBannerViewController.m in Sources */,
				4F89B3AD1B13EF14002E0840 /* ASWebviewViewController.m in Sources */,
				4F6B85E51B19317200F3E96B /* ASArticlesTableViewCell.m in Sources */,
				4F3F8B3D1B1688AF00E82580 /* ASModel.m in Sources */,
				4FEEE5181B12BD2A007D42C1 /* AppDelegate.m in Sources */,
				4F6B85E81B19524400F3E96B /* ASColorTheme.m in Sources */,
				4F89B3B01B14FF1F002E0840 /* ASArticlesTableViewController.m in Sources */,
				4F6B85ED1B195A5A00F3E96B /* UIColor+HexColors.m in Sources */,
				4F6B85E11B17CE7500F3E96B /* ASMainContainerViewController.m in Sources */,
				4FEEE5151B12BD2A007D42C1 /* main.m in Sources */,
			);
			runOnlyForDeploymentPostprocessing = 0;
		};
/* End PBXSourcesBuildPhase section */

/* Begin PBXVariantGroup section */
		4FEEE51C1B12BD2B007D42C1 /* Main.storyboard */ = {
			isa = PBXVariantGroup;
			children = (
				4FEEE51D1B12BD2B007D42C1 /* Base */,
			);
			name = Main.storyboard;
			sourceTree = "<group>";
		};
		4FEEE5211B12BD2B007D42C1 /* LaunchScreen.xib */ = {
			isa = PBXVariantGroup;
			children = (
				4FEEE5221B12BD2B007D42C1 /* Base */,
			);
			name = LaunchScreen.xib;
			sourceTree = "<group>";
		};
/* End PBXVariantGroup section */

/* Begin XCBuildConfiguration section */
		4FEEE5301B12BD2B007D42C1 /* Debug */ = {
			isa = XCBuildConfiguration;
			buildSettings = {
				ALWAYS_SEARCH_USER_PATHS = NO;
				CLANG_CXX_LANGUAGE_STANDARD = "gnu++0x";
				CLANG_CXX_LIBRARY = "libc++";
				CLANG_ENABLE_MODULES = YES;
				CLANG_ENABLE_OBJC_ARC = YES;
				CLANG_WARN_BOOL_CONVERSION = YES;
				CLANG_WARN_CONSTANT_CONVERSION = YES;
				CLANG_WARN_DIRECT_OBJC_ISA_USAGE = YES_ERROR;
				CLANG_WARN_EMPTY_BODY = YES;
				CLANG_WARN_ENUM_CONVERSION = YES;
				CLANG_WARN_INT_CONVERSION = YES;
				CLANG_WARN_OBJC_ROOT_CLASS = YES_ERROR;
				CLANG_WARN_UNREACHABLE_CODE = YES;
				CLANG_WARN__DUPLICATE_METHOD_MATCH = YES;
				"CODE_SIGN_IDENTITY[sdk=iphoneos*]" = "iPhone Developer";
				COPY_PHASE_STRIP = NO;
				DEBUG_INFORMATION_FORMAT = "dwarf-with-dsym";
				ENABLE_STRICT_OBJC_MSGSEND = YES;
				GCC_C_LANGUAGE_STANDARD = gnu99;
				GCC_DYNAMIC_NO_PIC = NO;
				GCC_NO_COMMON_BLOCKS = YES;
				GCC_OPTIMIZATION_LEVEL = 0;
				GCC_PREPROCESSOR_DEFINITIONS = (
					"DEBUG=1",
					"$(inherited)",
				);
				GCC_SYMBOLS_PRIVATE_EXTERN = NO;
				GCC_WARN_64_TO_32_BIT_CONVERSION = YES;
				GCC_WARN_ABOUT_RETURN_TYPE = YES_ERROR;
				GCC_WARN_UNDECLARED_SELECTOR = YES;
				GCC_WARN_UNINITIALIZED_AUTOS = YES_AGGRESSIVE;
				GCC_WARN_UNUSED_FUNCTION = YES;
				GCC_WARN_UNUSED_VARIABLE = YES;
				IPHONEOS_DEPLOYMENT_TARGET = 8.3;
				MTL_ENABLE_DEBUG_INFO = YES;
				ONLY_ACTIVE_ARCH = YES;
				SDKROOT = iphoneos;
			};
			name = Debug;
		};
		4FEEE5311B12BD2B007D42C1 /* Release */ = {
			isa = XCBuildConfiguration;
			buildSettings = {
				ALWAYS_SEARCH_USER_PATHS = NO;
				CLANG_CXX_LANGUAGE_STANDARD = "gnu++0x";
				CLANG_CXX_LIBRARY = "libc++";
				CLANG_ENABLE_MODULES = YES;
				CLANG_ENABLE_OBJC_ARC = YES;
				CLANG_WARN_BOOL_CONVERSION = YES;
				CLANG_WARN_CONSTANT_CONVERSION = YES;
				CLANG_WARN_DIRECT_OBJC_ISA_USAGE = YES_ERROR;
				CLANG_WARN_EMPTY_BODY = YES;
				CLANG_WARN_ENUM_CONVERSION = YES;
				CLANG_WARN_INT_CONVERSION = YES;
				CLANG_WARN_OBJC_ROOT_CLASS = YES_ERROR;
				CLANG_WARN_UNREACHABLE_CODE = YES;
				CLANG_WARN__DUPLICATE_METHOD_MATCH = YES;
				"CODE_SIGN_IDENTITY[sdk=iphoneos*]" = "iPhone Developer";
				COPY_PHASE_STRIP = NO;
				DEBUG_INFORMATION_FORMAT = "dwarf-with-dsym";
				ENABLE_NS_ASSERTIONS = NO;
				ENABLE_STRICT_OBJC_MSGSEND = YES;
				GCC_C_LANGUAGE_STANDARD = gnu99;
				GCC_NO_COMMON_BLOCKS = YES;
				GCC_WARN_64_TO_32_BIT_CONVERSION = YES;
				GCC_WARN_ABOUT_RETURN_TYPE = YES_ERROR;
				GCC_WARN_UNDECLARED_SELECTOR = YES;
				GCC_WARN_UNINITIALIZED_AUTOS = YES_AGGRESSIVE;
				GCC_WARN_UNUSED_FUNCTION = YES;
				GCC_WARN_UNUSED_VARIABLE = YES;
				IPHONEOS_DEPLOYMENT_TARGET = 8.3;
				MTL_ENABLE_DEBUG_INFO = NO;
				SDKROOT = iphoneos;
				VALIDATE_PRODUCT = YES;
			};
			name = Release;
		};
		4FEEE5331B12BD2B007D42C1 /* Debug */ = {
			isa = XCBuildConfiguration;
			buildSettings = {
				ASSETCATALOG_COMPILER_APPICON_NAME = AppIcon;
				CODE_SIGN_IDENTITY = "iPhone Developer";
				"CODE_SIGN_IDENTITY[sdk=iphoneos*]" = "iPhone Developer";
				INFOPLIST_FILE = AdyashantiWritings/Info.plist;
				IPHONEOS_DEPLOYMENT_TARGET = 8.0;
				LD_RUNPATH_SEARCH_PATHS = "$(inherited) @executable_path/Frameworks";
				PRODUCT_NAME = "$(TARGET_NAME)";
				PROVISIONING_PROFILE = "";
				TARGETED_DEVICE_FAMILY = "1,2";
			};
			name = Debug;
		};
		4FEEE5341B12BD2B007D42C1 /* Release */ = {
			isa = XCBuildConfiguration;
			buildSettings = {
				ASSETCATALOG_COMPILER_APPICON_NAME = AppIcon;
				CODE_SIGN_IDENTITY = "iPhone Developer";
				"CODE_SIGN_IDENTITY[sdk=iphoneos*]" = "iPhone Developer";
				INFOPLIST_FILE = AdyashantiWritings/Info.plist;
				IPHONEOS_DEPLOYMENT_TARGET = 8.0;
				LD_RUNPATH_SEARCH_PATHS = "$(inherited) @executable_path/Frameworks";
				PRODUCT_NAME = "$(TARGET_NAME)";
				PROVISIONING_PROFILE = "";
				TARGETED_DEVICE_FAMILY = "1,2";
			};
			name = Release;
		};
/* End XCBuildConfiguration section */

/* Begin XCConfigurationList section */
		4FEEE50A1B12BD2A007D42C1 /* Build configuration list for PBXProject "AdyashantiWritings" */ = {
			isa = XCConfigurationList;
			buildConfigurations = (
				4FEEE5301B12BD2B007D42C1 /* Debug */,
				4FEEE5311B12BD2B007D42C1 /* Release */,
			);
			defaultConfigurationIsVisible = 0;
			defaultConfigurationName = Release;
		};
		4FEEE5321B12BD2B007D42C1 /* Build configuration list for PBXNativeTarget "AdyashantiWritings" */ = {
			isa = XCConfigurationList;
			buildConfigurations = (
				4FEEE5331B12BD2B007D42C1 /* Debug */,
				4FEEE5341B12BD2B007D42C1 /* Release */,
			);
			defaultConfigurationIsVisible = 0;
			defaultConfigurationName = Release;
		};
/* End XCConfigurationList section */
	};
	rootObject = 4FEEE5071B12BD2A007D42C1 /* Project object */;
}
